
Microsoft Visual Studio Solution File, Format Version 11.00
# Visual Studio 2010
Project("{FAE04EC0-301F-11D3-BF4B-00C04F79EFBC}") = "Assembly-CSharp", "Assembly-CSharp.csproj", "{E673AE95-E76E-2DA5-B4E1-196F6E293C03}"
EndProject
Project("{FAE04EC0-301F-11D3-BF4B-00C04F79EFBC}") = "Assembly-CSharp-Editor", "Assembly-CSharp-Editor.csproj", "{0FF9153E-91F5-FB7A-DE3B-06CB42D6E77A}"
EndProject
Global
	GlobalSection(SolutionConfigurationPlatforms) = preSolution
		Debug|Any CPU = Debug|Any CPU
		Release|Any CPU = Release|Any CPU
	EndGlobalSection
	GlobalSection(ProjectConfigurationPlatforms) = postSolution
		{E673AE95-E76E-2DA5-B4E1-196F6E293C03}.Debug|Any CPU.ActiveCfg = Debug|Any CPU
		{E673AE95-E76E-2DA5-B4E1-196F6E293C03}.Debug|Any CPU.Build.0 = Debug|Any CPU
		{E673AE95-E76E-2DA5-B4E1-196F6E293C03}.Release|Any CPU.ActiveCfg = Release|Any CPU
		{E673AE95-E76E-2DA5-B4E1-196F6E293C03}.Release|Any CPU.Build.0 = Release|Any CPU
		{0FF9153E-91F5-FB7A-DE3B-06CB42D6E77A}.Debug|Any CPU.ActiveCfg = Debug|Any CPU
		{0FF9153E-91F5-FB7A-DE3B-06CB42D6E77A}.Debug|Any CPU.Build.0 = Debug|Any CPU
		{0FF9153E-91F5-FB7A-DE3B-06CB42D6E77A}.Release|Any CPU.ActiveCfg = Release|Any CPU
		{0FF9153E-91F5-FB7A-DE3B-06CB42D6E77A}.Release|Any CPU.Build.0 = Release|Any CPU
	EndGlobalSection
	GlobalSection(SolutionProperties) = preSolution
		HideSolutionNode = FALSE
	EndGlobalSection
	GlobalSection(MonoDevelopProperties) = preSolution
		StartupItem = Assembly-CSharp.csproj
	EndGlobalSection
EndGlobal
